
Microsoft Visual Studio Solution File, Format Version 12.00
# Visual Studio 14
VisualStudioVersion = 14.0.25123.0
MinimumVisualStudioVersion = 10.0.40219.1
Project("{48E7DBFF-376E-4121-B8BE-E6195841F010}") = "Sitecore.Support.421362.137515", "Sitecore.Support.421362.137515\Sitecore.Support.421362.137515.csproj", "{4F0FDFC7-EE0B-4FE5-BE92-529171C680D6}"
EndProject
Global
	GlobalSection(SolutionConfigurationPlatforms) = preSolution
		Debug|Any CPU = Debug|Any CPU
		Release|Any CPU = Release|Any CPU
	EndGlobalSection
	GlobalSection(ProjectConfigurationPlatforms) = postSolution
		{4F0FDFC7-EE0B-4FE5-BE92-529171C680D6}.Debug|Any CPU.ActiveCfg = Debug|Any CPU
		{4F0FDFC7-EE0B-4FE5-BE92-529171C680D6}.Debug|Any CPU.Build.0 = Debug|Any CPU
		{4F0FDFC7-EE0B-4FE5-BE92-529171C680D6}.Release|Any CPU.ActiveCfg = Release|Any CPU
		{4F0FDFC7-EE0B-4FE5-BE92-529171C680D6}.Release|Any CPU.Build.0 = Release|Any CPU
	EndGlobalSection
	GlobalSection(SolutionProperties) = preSolution
		HideSolutionNode = FALSE
	EndGlobalSection
EndGlobal
